{
  "name": "my-react-study-oracle-api",
  "version": "1.0.0",
  "lockfileVersion": 3,
  "requires": true,
  "packages": {
    "": {
      "name": "my-react-study-oracle-api",
      "version": "1.0.0",
      "dependencies": {
        "oracledb": "^7.0.0"
      },
      "engines": {
        "node": ">=20"
      }
    },
    "node_modules/oracledb": {
      "version": "7.0.0",
      "resolved": "https://registry.npmjs.org/oracledb/-/oracledb-7.0.0.tgz",
      "integrity": "sha512-aPt1oB++zOQ0QsuRLlSbQjydTOg1RTMmfnShoEfETfgiZ0uzmCptHfK/pNLXovl6FVnFoevxX8yfrEme4ksbXg==",
      "hasInstallScript": true,
      "license": "(Apache-2.0 OR UPL-1.0)",
      "engines": {
        "node": ">=14.17"
      }
    }
  }
}
